
Microsoft Visual Studio Solution File, Format Version 12.00
# Visual Studio Version 17
VisualStudioVersion = 17.1.32210.238
MinimumVisualStudioVersion = 10.0.40219.1
Project("{8BC9CEB8-8B4A-11D0-8D11-00A0C91BC942}") = "projekt2", "projekt2\projekt2.vcxproj", "{7D02BB82-E471-4629-8831-A1B2E9183A4B}"
EndProject
Global
	GlobalSection(SolutionConfigurationPlatforms) = preSolution
		Debug|x64 = Debug|x64
		Debug|x86 = Debug|x86
		Release|x64 = Release|x64
		Release|x86 = Release|x86
	EndGlobalSection
	GlobalSection(ProjectConfigurationPlatforms) = postSolution
		{7D02BB82-E471-4629-8831-A1B2E9183A4B}.Debug|x64.ActiveCfg = Debug|x64
		{7D02BB82-E471-4629-8831-A1B2E9183A4B}.Debug|x64.Build.0 = Debug|x64
		{7D02BB82-E471-4629-8831-A1B2E9183A4B}.Debug|x86.ActiveCfg = Debug|Win32
		{7D02BB82-E471-4629-8831-A1B2E9183A4B}.Debug|x86.Build.0 = Debug|Win32
		{7D02BB82-E471-4629-8831-A1B2E9183A4B}.Release|x64.ActiveCfg = Release|x64
		{7D02BB82-E471-4629-8831-A1B2E9183A4B}.Release|x64.Build.0 = Release|x64
		{7D02BB82-E471-4629-8831-A1B2E9183A4B}.Release|x86.ActiveCfg = Release|Win32
		{7D02BB82-E471-4629-8831-A1B2E9183A4B}.Release|x86.Build.0 = Release|Win32
	EndGlobalSection
	GlobalSection(SolutionProperties) = preSolution
		HideSolutionNode = FALSE
	EndGlobalSection
	GlobalSection(ExtensibilityGlobals) = postSolution
		SolutionGuid = {F940E52F-B487-4FD4-80F5-F1DB1F082152}
	EndGlobalSection
EndGlobal
